schema: '2.0'
stages:
  simulate_and_plot_rl_results:
    cmd: Rscript scripts/hddm/simulation_qualitative_trend.R
    deps:
    - path: scripts/hddm/ddm/traces.csv
      hash: md5
      md5: be7b104d6585ce1caec7770825c8af60
      size: 219595834
    - path: scripts/hddm/simulation_qualitative_trend.R
      hash: md5
      md5: 77977c30e7f8b6ff14ec5aed75e5cc74
      size: 14505
    outs:
    - path: scripts/hddm/figures/sim_empirical_comparison_plot.pdf
      hash: md5
      md5: 4f226adc556039da2f930dc1024046bc
      size: 5119
  prepare_stan_data:
    cmd: Rscript scripts/prl_reversal/01_prepare_stan_data_1rate.R
    deps:
    - path: data/raw/ed_prl_data.csv
      hash: md5
      md5: 8b66ce3074ed0c763e8c8eda3d09a100
      size: 1962526
    - path: scripts/prl_reversal/01_prepare_stan_data_1rate.R
      hash: md5
      md5: 32a8bb2d675a7b387623c0008b9bdb89
      size: 4248
    outs:
    - path: scripts/prl_reversal/stan_input_data/stan_data_food.RDS
      hash: md5
      md5: 59f3ee74867fc38d70401c1f82f78b4a
      size: 5708
    - path: scripts/prl_reversal/stan_input_data/stan_data_neutral.RDS
      hash: md5
      md5: c1e99eeb9ff945ae512ebee39506ff52
      size: 5450
  fit_prl_food:
    cmd: Rscript scripts/prl_reversal/02_fit_prl_food.R
    deps:
    - path: scripts/prl_reversal/02_fit_prl_food.R
      hash: md5
      md5: a60a90706ccc95d3fbb5ef2f531f7529
      size: 9630
    - path: scripts/prl_reversal/stan/prl_one_learning_rate.stan
      hash: md5
      md5: 607dbe37d963056fb1a0fe6998442e45
      size: 8972
    - path: scripts/prl_reversal/stan_input_data/stan_data_food.RDS
      hash: md5
      md5: 59f3ee74867fc38d70401c1f82f78b4a
      size: 5708
    outs:
    - path: scripts/prl_reversal/figures/
      hash: md5
      md5: d91d30be1b5d581365ce824d2fca826e.dir
      size: 66898
      nfiles: 6
    - path: scripts/prl_reversal/fits/fit_food.qs
      hash: md5
      md5: 63255b4403428e37c3caad2d85a8791b
      size: 157213
  fit_prl:
    cmd: Rscript scripts/prl_reversal/02_fit_prl.R
    deps:
    - path: scripts/prl_reversal/02_fit_prl.R
      hash: md5
      md5: a7375b63580c5d3e3c741d9f018e3cee
      size: 8616
    - path: scripts/prl_reversal/stan/prl_one_learning_rate.stan
      hash: md5
      md5: 607dbe37d963056fb1a0fe6998442e45
      size: 8972
    - path: scripts/prl_reversal/stan_input_data/stan_data_food.RDS
      hash: md5
      md5: 59f3ee74867fc38d70401c1f82f78b4a
      size: 5708
    - path: scripts/prl_reversal/stan_input_data/stan_data_neutral.RDS
      hash: md5
      md5: c1e99eeb9ff945ae512ebee39506ff52
      size: 5450
    outs:
    - path: scripts/prl_reversal/figures/
      hash: md5
      md5: 21178e07598f2a870ec5d62168d1bc11.dir
      size: 135131
      nfiles: 12
    - path: scripts/prl_reversal/fits/fit_food.qs
      hash: md5
      md5: edbe5a1331ce5ff3b24049301d380ca1
      size: 203381
    - path: scripts/prl_reversal/fits/fit_neutral.qs
      hash: md5
      md5: f44e15598375f27fff551db7c562993e
      size: 208991
